github.com/JamesHovious/w32 v1.2.0 h1:UZWv2ea6y4Kylzs7DGXWcSCaUH+OxH8q7aCFmMUqwao=
github.com/JamesHovious/w32 v1.2.0/go.mod h1:L6LTHMKvhtpGUkIYGTo4U9PKancYKpGS/+naYtTs8Ys=
github.com/gorilla/websocket v1.5.0 h1:PPwGk2jz7EePpoHN/+ClbZu8SPxiqlu12wZP/3sWmnc=
github.com/gorilla/websocket v1.5.0/go.mod h1:YR8l580nyteQvAITg2hZ9XVh4b55+EU/adAjf1fMHhE=
github.com/lxn/win v0.0.0-20210218163916-a377121e959e h1:H+t6A/QJMbhCSEH5rAuRxh+CtW96g0Or0Fxa9IKr4uc=
github.com/lxn/win v0.0.0-20210218163916-a377121e959e/go.mod h1:KxxjdtRkfNoYDCUP5ryK7XJJNTnpC8atvtmTheChOtk=
golang.org/x/sys v0.0.0-20201018230417-eeed37f84f13 h1:5jaG59Zhd+8ZXe8C+lgiAGqkOaZBruqrWclLkgAww34=
golang.org/x/sys v0.0.0-20201018230417-eeed37f84f13/go.mod h1:h1NjWce9XRLGQEsW7wpKNCjG9DtNlClVuFLEZdDNbEs=
